# THIS IS AN AUTOGENERATED FILE. DO NOT EDIT THIS FILE DIRECTLY.
# yarn lockfile v1


angular-chart.js@^1.1.1:
  version "1.1.1"
  resolved "http://npm.factury.co/angular-chart.js/-/angular-chart.js-1.1.1.tgz#49f0e18d081762b6d4c9791e487aff2fbb30f5ae"
  dependencies:
    angular "1.x"
    chart.js "2.3.x"

angular-qrcode@^7.2.0:
  version "7.2.0"
  resolved "http://npm.factury.co/angular-qrcode/-/angular-qrcode-7.2.0.tgz#c6e79e1b06c672a59a06b65b4ab465dd29e63fc6"
  dependencies:
    angular ">=1.0.6"
    qrcode-generator "^1.1.0"

angular-route@^1.7.2:
  version "1.7.2"
  resolved "http://npm.factury.co/angular-route/-/angular-route-1.7.2.tgz#a24b7a0c8ef09a3d4e2ca20de7f84e0e857a61ae"

angular-translate@^2.18.1:
  version "2.18.1"
  resolved "http://npm.factury.co/angular-translate/-/angular-translate-2.18.1.tgz#b29ed0d2f9bac44075e7aad3284166c59e150791"
  dependencies:
    angular ">=1.2.26 <=1.7"

angular@1.x, angular@>=1.0.6, "angular@>=1.2.26 <=1.7", angular@^1.7.2:
  version "1.7.2"
  resolved "http://npm.factury.co/angular/-/angular-1.7.2.tgz#687b955dbe5c533f8d73460461707af00360251f"

axios@^0.18.0:
  version "0.18.0"
  resolved "http://npm.factury.co/axios/-/axios-0.18.0.tgz#32d53e4851efdc0a11993b6cd000789d70c05102"
  dependencies:
    follow-redirects "^1.3.0"
    is-buffer "^1.1.5"

babel-runtime@^4.7.16:
  version "4.7.16"
  resolved "http://npm.factury.co/babel-runtime/-/babel-runtime-4.7.16.tgz#7a3995ad8c9eb5b4d0dd35febf170d0d1420262b"
  dependencies:
    core-js "^0.6.1"

base32.js@~0.1.0:
  version "0.1.0"
  resolved "http://npm.factury.co/base32.js/-/base32.js-0.1.0.tgz#b582dec693c2f11e893cf064ee6ac5b6131a2202"

bignumber.js@^4.0.0:
  version "4.1.0"
  resolved "http://npm.factury.co/bignumber.js/-/bignumber.js-4.1.0.tgz#db6f14067c140bd46624815a7916c92d9b6c24b1"

bindings@^1.2.1:
  version "1.3.0"
  resolved "http://npm.factury.co/bindings/-/bindings-1.3.0.tgz#b346f6ecf6a95f5a815c5839fc7cdb22502f1ed7"

bluebird@^3.1.5:
  version "3.5.1"
  resolved "http://npm.factury.co/bluebird/-/bluebird-3.5.1.tgz#d9551f9de98f1fcda1e683d17ee91a0602ee2eb9"

bootstrap@^3.3.7:
  version "3.3.7"
  resolved "http://npm.factury.co/bootstrap/-/bootstrap-3.3.7.tgz#5a389394549f23330875a3b150656574f8a9eb71"

chart.js@2.3.x:
  version "2.3.0"
  resolved "http://npm.factury.co/chart.js/-/chart.js-2.3.0.tgz#40460e48e2c417c05fc3325cd84f7b000dc7d7d6"
  dependencies:
    chartjs-color "^2.0.0"
    moment "^2.10.6"

chart.js@^2.7.2:
  version "2.7.2"
  resolved "http://npm.factury.co/chart.js/-/chart.js-2.7.2.tgz#3c9fde4dc5b95608211bdefeda7e5d33dffa5714"
  dependencies:
    chartjs-color "^2.1.0"
    moment "^2.10.2"

chartjs-color-string@^0.5.0:
  version "0.5.0"
  resolved "http://npm.factury.co/chartjs-color-string/-/chartjs-color-string-0.5.0.tgz#8d3752d8581d86687c35bfe2cb80ac5213ceb8c1"
  dependencies:
    color-name "^1.0.0"

chartjs-color@^2.0.0, chartjs-color@^2.1.0:
  version "2.2.0"
  resolved "http://npm.factury.co/chartjs-color/-/chartjs-color-2.2.0.tgz#84a2fb755787ed85c39dd6dd8c7b1d88429baeae"
  dependencies:
    chartjs-color-string "^0.5.0"
    color-convert "^0.5.3"

color-convert@^0.5.3:
  version "0.5.3"
  resolved "http://npm.factury.co/color-convert/-/color-convert-0.5.3.tgz#bdb6c69ce660fadffe0b0007cc447e1b9f7282bd"

color-name@^1.0.0:
  version "1.1.3"
  resolved "http://npm.factury.co/color-name/-/color-name-1.1.3.tgz#a7d0558bd89c42f795dd42328f740831ca53bc25"

core-js@^0.6.1:
  version "0.6.1"
  resolved "http://npm.factury.co/core-js/-/core-js-0.6.1.tgz#1b4970873e8101bf8c435af095faa9024f4b9b58"

crc@^3.3.0:
  version "3.5.0"
  resolved "http://npm.factury.co/crc/-/crc-3.5.0.tgz#98b8ba7d489665ba3979f59b21381374101a1964"

cursor@^0.1.5:
  version "0.1.5"
  resolved "http://npm.factury.co/cursor/-/cursor-0.1.5.tgz#ea778c2b09d33c2e564fd92147076750483ebb2c"

debug@^3.1.0:
  version "3.1.0"
  resolved "http://npm.factury.co/debug/-/debug-3.1.0.tgz#5bb5a0672628b64149566ba16819e61518c67261"
  dependencies:
    ms "2.0.0"

ed25519@0.0.4:
  version "0.0.4"
  resolved "http://npm.factury.co/ed25519/-/ed25519-0.0.4.tgz#e56218ace2fc903d259593aef0b2a9639f475beb"
  dependencies:
    bindings "^1.2.1"
    nan "^2.0.9"

electron-is-dev@^0.3.0:
  version "0.3.0"
  resolved "http://npm.factury.co/electron-is-dev/-/electron-is-dev-0.3.0.tgz#14e6fda5c68e9e4ecbeff9ccf037cbd7c05c5afe"

electron-is@^2.3.0:
  version "2.4.1"
  resolved "http://npm.factury.co/electron-is/-/electron-is-2.4.1.tgz#eb2de19b30179c3ba21658ee9dccdf0564d35d65"
  dependencies:
    electron-is-dev "^0.3.0"
    semver "^5.3.0"

electron-notifications@^1.0.0:
  version "1.0.0"
  resolved "http://npm.factury.co/electron-notifications/-/electron-notifications-1.0.0.tgz#b93613e2333f22aa4f6b9d3275cc9f3cf80f4d22"
  dependencies:
    electron-is "^2.3.0"

es6-promise@^4.2.4:
  version "4.2.4"
  resolved "http://npm.factury.co/es6-promise/-/es6-promise-4.2.4.tgz#dc4221c2b16518760bd8c39a52d8f356fc00ed29"

event-source-polyfill@0.0.12:
  version "0.0.12"
  resolved "http://npm.factury.co/event-source-polyfill/-/event-source-polyfill-0.0.12.tgz#e539cd67fdef2760a16aa5262fa98134df52e3af"

eventsource@^1.0.5:
  version "1.0.5"
  resolved "http://npm.factury.co/eventsource/-/eventsource-1.0.5.tgz#1f012c9df0bd8832fd6b1744fea00ccdd479f046"
  dependencies:
    original "^1.0.0"

follow-redirects@^1.3.0:
  version "1.5.0"
  resolved "http://npm.factury.co/follow-redirects/-/follow-redirects-1.5.0.tgz#234f49cf770b7f35b40e790f636ceba0c3a0ab77"
  dependencies:
    debug "^3.1.0"

font-awesome@^4.7.0:
  version "4.7.0"
  resolved "http://npm.factury.co/font-awesome/-/font-awesome-4.7.0.tgz#8fa8cf0411a1a31afd07b06d2902bb9fc815a133"

inherits@^2.0.1:
  version "2.0.3"
  resolved "http://npm.factury.co/inherits/-/inherits-2.0.3.tgz#633c2c83e3da42a502f52466022480f4208261de"

is-buffer@^1.1.5:
  version "1.1.6"
  resolved "http://npm.factury.co/is-buffer/-/is-buffer-1.1.6.tgz#efaa2ea9daa0d7ab2ea13a97b2b8ad51fefbe8be"

jquery@^3.3.1:
  version "3.3.1"
  resolved "http://npm.factury.co/jquery/-/jquery-3.3.1.tgz#958ce29e81c9790f31be7792df5d4d95fc57fbca"

js-xdr@^1.0.0:
  version "1.0.2"
  resolved "http://npm.factury.co/js-xdr/-/js-xdr-1.0.2.tgz#1af9c9c08a95b8c849056c77f12b5d7013de315c"
  dependencies:
    babel-runtime "^4.7.16"
    cursor "^0.1.5"
    lodash "^3.5.0"
    long "^2.2.3"
    sequencify "0.0.7"

lodash@^3.5.0:
  version "3.10.1"
  resolved "http://npm.factury.co/lodash/-/lodash-3.10.1.tgz#5bf45e8e49ba4189e17d482789dfd15bd140b7b6"

lodash@^4.17.10:
  version "4.17.10"
  resolved "http://npm.factury.co/lodash/-/lodash-4.17.10.tgz#1b7793cf7259ea38fb3661d4d38b3260af8ae4e7"

long@^2.2.3:
  version "2.4.0"
  resolved "http://npm.factury.co/long/-/long-2.4.0.tgz#9fa180bb1d9500cdc29c4156766a1995e1f4524f"

moment@^2.10.2, moment@^2.10.6:
  version "2.22.2"
  resolved "http://npm.factury.co/moment/-/moment-2.22.2.tgz#3c257f9839fc0e93ff53149632239eb90783ff66"

ms@2.0.0:
  version "2.0.0"
  resolved "http://npm.factury.co/ms/-/ms-2.0.0.tgz#5608aeadfc00be6c2901df5f9861788de0d597c8"

nan@^2.0.9:
  version "2.10.0"
  resolved "http://npm.factury.co/nan/-/nan-2.10.0.tgz#96d0cd610ebd58d4b4de9cc0c6828cda99c7548f"

original@^1.0.0:
  version "1.0.1"
  resolved "http://npm.factury.co/original/-/original-1.0.1.tgz#b0a53ff42ba997a8c9cd1fb5daaeb42b9d693190"
  dependencies:
    url-parse "~1.4.0"

qrcode-generator@^1.1.0, qrcode-generator@^1.4.0:
  version "1.4.0"
  resolved "http://npm.factury.co/qrcode-generator/-/qrcode-generator-1.4.0.tgz#23521ae5d13658adb745a38f19e00c00f9b8488c"

querystringify@^2.0.0:
  version "2.0.0"
  resolved "http://npm.factury.co/querystringify/-/querystringify-2.0.0.tgz#fa3ed6e68eb15159457c89b37bc6472833195755"

requires-port@^1.0.0:
  version "1.0.0"
  resolved "http://npm.factury.co/requires-port/-/requires-port-1.0.0.tgz#925d2601d39ac485e091cf0da5c6e694dc3dcaff"

safe-buffer@^5.0.1:
  version "5.1.2"
  resolved "http://npm.factury.co/safe-buffer/-/safe-buffer-5.1.2.tgz#991ec69d296e0313747d59bdfd2b745c35f8828d"

semver@^5.3.0:
  version "5.5.0"
  resolved "http://npm.factury.co/semver/-/semver-5.5.0.tgz#dc4bbc7a6ca9d916dee5d43516f0092b58f7b8ab"

sequencify@0.0.7:
  version "0.0.7"
  resolved "http://npm.factury.co/sequencify/-/sequencify-0.0.7.tgz#90cff19d02e07027fd767f5ead3e7b95d1e7380c"

sha.js@^2.3.6:
  version "2.4.11"
  resolved "http://npm.factury.co/sha.js/-/sha.js-2.4.11.tgz#37a5cf0b81ecbc6943de109ba2960d1b26584ae7"
  dependencies:
    inherits "^2.0.1"
    safe-buffer "^5.0.1"

sjcl@^1.0.7:
  version "1.0.7"
  resolved "http://npm.factury.co/sjcl/-/sjcl-1.0.7.tgz#32b365a50dc9bba26b88ba3c9df8ea34217d9f45"

stellar-base@^0.7.6:
  version "0.7.8"
  resolved "http://npm.factury.co/stellar-base/-/stellar-base-0.7.8.tgz#8bda188cf59eed4149bedf65b655711b88ce69fc"
  dependencies:
    base32.js "~0.1.0"
    bignumber.js "^4.0.0"
    crc "^3.3.0"
    js-xdr "^1.0.0"
    lodash "^4.17.10"
    sha.js "^2.3.6"
    tweetnacl "^1.0.0"
  optionalDependencies:
    ed25519 "0.0.4"

stellar-sdk@^0.8.2:
  version "0.8.2"
  resolved "http://npm.factury.co/stellar-sdk/-/stellar-sdk-0.8.2.tgz#e7de7e2d6d3091b77d5b323f66931bdb727a2cc3"
  dependencies:
    axios "^0.18.0"
    bluebird "^3.1.5"
    es6-promise "^4.2.4"
    event-source-polyfill "0.0.12"
    eventsource "^1.0.5"
    lodash "^4.17.10"
    stellar-base "^0.7.6"
    toml "^2.3.0"
    urijs "1.19.1"

toml@^2.3.0:
  version "2.3.3"
  resolved "http://npm.factury.co/toml/-/toml-2.3.3.tgz#8d683d729577cb286231dfc7a8affe58d31728fb"

tweetnacl@^1.0.0:
  version "1.0.0"
  resolved "http://npm.factury.co/tweetnacl/-/tweetnacl-1.0.0.tgz#713d8b818da42068740bf68386d0479e66fc8a7b"

underscore@^1.9.1:
  version "1.9.1"
  resolved "http://npm.factury.co/underscore/-/underscore-1.9.1.tgz#06dce34a0e68a7babc29b365b8e74b8925203961"

urijs@1.19.1:
  version "1.19.1"
  resolved "http://npm.factury.co/urijs/-/urijs-1.19.1.tgz#5b0ff530c0cbde8386f6342235ba5ca6e995d25a"

url-parse@~1.4.0:
  version "1.4.1"
  resolved "http://npm.factury.co/url-parse/-/url-parse-1.4.1.tgz#4dec9dad3dc8585f862fed461d2e19bbf623df30"
  dependencies:
    querystringify "^2.0.0"
    requires-port "^1.0.0"
